// !$*UTF8*$!
{
	archiveVersion = 1;
	classes = {
	};
	objectVersion = 56;
	objects = {

/* Begin PBXBuildFile section */
		189E8E582B46895600A91B3F /* v0300fg.m4a in Resources */ = {isa = PBXBuildFile; fileRef = 189E8E572B46895600A91B3F /* v0300fg.m4a */; };
		189E8E5A2B46C50F00A91B3F /* SimpleHeartView.swift in Sources */ = {isa = PBXBuildFile; fileRef = 189E8E592B46C50F00A91B3F /* SimpleHeartView.swift */; };
		18FA54072B43AC4000AA47FF /* showloveApp.swift in Sources */ = {isa = PBXBuildFile; fileRef = 18FA54062B43AC4000AA47FF /* showloveApp.swift */; };
		18FA54092B43AC4000AA47FF /* ContentView.swift in Sources */ = {isa = PBXBuildFile; fileRef = 18FA54082B43AC4000AA47FF /* ContentView.swift */; };
		18FA540B2B43AC4100AA47FF /* Assets.xcassets in Resources */ = {isa = PBXBuildFile; fileRef = 18FA540A2B43AC4100AA47FF /* Assets.xcassets */; };
		18FA540E2B43AC4100AA47FF /* Preview Assets.xcassets in Resources */ = {isa = PBXBuildFile; fileRef = 18FA540D2B43AC4100AA47FF /* Preview Assets.xcassets */; };
		18FA54152B43ACD900AA47FF /* MyHeartView.swift in Sources */ = {isa = PBXBuildFile; fileRef = 18FA54142B43ACD900AA47FF /* MyHeartView.swift */; };
		18FA54172B43B03000AA47FF /* LineHeartView.swift in Sources */ = {isa = PBXBuildFile; fileRef = 18FA54162B43B03000AA47FF /* LineHeartView.swift */; };
		18FA541B2B43E44800AA47FF /* PixelHeartView.swift in Sources */ = {isa = PBXBuildFile; fileRef = 18FA541A2B43E44800AA47FF /* PixelHeartView.swift */; };
		18FA541D2B43E90500AA47FF /* RealHeartView.swift in Sources */ = {isa = PBXBuildFile; fileRef = 18FA541C2B43E90500AA47FF /* RealHeartView.swift */; };
/* End PBXBuildFile section */

/* Begin PBXFileReference section */
		189E8E572B46895600A91B3F /* v0300fg.m4a */ = {isa = PBXFileReference; lastKnownFileType = file; path = v0300fg.m4a; sourceTree = "<group>"; };
		189E8E592B46C50F00A91B3F /* SimpleHeartView.swift */ = {isa = PBXFileReference; lastKnownFileType = sourcecode.swift; path = SimpleHeartView.swift; sourceTree = "<group>"; };
		18FA54032B43AC4000AA47FF /* showlove.app */ = {isa = PBXFileReference; explicitFileType = wrapper.application; includeInIndex = 0; path = showlove.app; sourceTree = BUILT_PRODUCTS_DIR; };
		18FA54062B43AC4000AA47FF /* showloveApp.swift */ = {isa = PBXFileReference; lastKnownFileType = sourcecode.swift; path = showloveApp.swift; sourceTree = "<group>"; };
		18FA54082B43AC4000AA47FF /* ContentView.swift */ = {isa = PBXFileReference; lastKnownFileType = sourcecode.swift; path = ContentView.swift; sourceTree = "<group>"; };
		18FA540A2B43AC4100AA47FF /* Assets.xcassets */ = {isa = PBXFileReference; lastKnownFileType = folder.assetcatalog; path = Assets.xcassets; sourceTree = "<group>"; };
		18FA540D2B43AC4100AA47FF /* Preview Assets.xcassets */ = {isa = PBXFileReference; lastKnownFileType = folder.assetcatalog; path = "Preview Assets.xcassets"; sourceTree = "<group>"; };
		18FA54142B43ACD900AA47FF /* MyHeartView.swift */ = {isa = PBXFileReference; lastKnownFileType = sourcecode.swift; path = MyHeartView.swift; sourceTree = "<group>"; };
		18FA54162B43B03000AA47FF /* LineHeartView.swift */ = {isa = PBXFileReference; lastKnownFileType = sourcecode.swift; path = LineHeartView.swift; sourceTree = "<group>"; };
		18FA541A2B43E44800AA47FF /* PixelHeartView.swift */ = {isa = PBXFileReference; lastKnownFileType = sourcecode.swift; path = PixelHeartView.swift; sourceTree = "<group>"; };
		18FA541C2B43E90500AA47FF /* RealHeartView.swift */ = {isa = PBXFileReference; lastKnownFileType = sourcecode.swift; path = RealHeartView.swift; sourceTree = "<group>"; };
/* End PBXFileReference section */

/* Begin PBXFrameworksBuildPhase section */
		18FA54002B43AC4000AA47FF /* Frameworks */ = {
			isa = PBXFrameworksBuildPhase;
			buildActionMask = 2147483647;
			files = (
			);
			runOnlyForDeploymentPostprocessing = 0;
		};
/* End PBXFrameworksBuildPhase section */

/* Begin PBXGroup section */
		18FA53FA2B43AC4000AA47FF = {
			isa = PBXGroup;
			children = (
				18FA54052B43AC4000AA47FF /* showlove */,
				18FA54042B43AC4000AA47FF /* Products */,
			);
			sourceTree = "<group>";
		};
		18FA54042B43AC4000AA47FF /* Products */ = {
			isa = PBXGroup;
			children = (
				18FA54032B43AC4000AA47FF /* showlove.app */,
			);
			name = Products;
			sourceTree = "<group>";
		};
		18FA54052B43AC4000AA47FF /* showlove */ = {
			isa = PBXGroup;
			children = (
				189E8E572B46895600A91B3F /* v0300fg.m4a */,
				18FA54062B43AC4000AA47FF /* showloveApp.swift */,
				18FA54082B43AC4000AA47FF /* ContentView.swift */,
				18FA54162B43B03000AA47FF /* LineHeartView.swift */,
				189E8E592B46C50F00A91B3F /* SimpleHeartView.swift */,
				18FA541A2B43E44800AA47FF /* PixelHeartView.swift */,
				18FA541C2B43E90500AA47FF /* RealHeartView.swift */,
				18FA54142B43ACD900AA47FF /* MyHeartView.swift */,
				18FA540A2B43AC4100AA47FF /* Assets.xcassets */,
				18FA540C2B43AC4100AA47FF /* Preview Content */,
			);
			path = showlove;
			sourceTree = "<group>";
		};
		18FA540C2B43AC4100AA47FF /* Preview Content */ = {
			isa = PBXGroup;
			children = (
				18FA540D2B43AC4100AA47FF /* Preview Assets.xcassets */,
			);
			path = "Preview Content";
			sourceTree = "<group>";
		};
/* End PBXGroup section */

/* Begin PBXNativeTarget section */
		18FA54022B43AC4000AA47FF /* showlove */ = {
			isa = PBXNativeTarget;
			buildConfigurationList = 18FA54112B43AC4100AA47FF /* Build configuration list for PBXNativeTarget "showlove" */;
			buildPhases = (
				18FA53FF2B43AC4000AA47FF /* Sources */,
				18FA54002B43AC4000AA47FF /* Frameworks */,
				18FA54012B43AC4000AA47FF /* Resources */,
			);
			buildRules = (
			);
			dependencies = (
			);
			name = showlove;
			productName = showlove;
			productReference = 18FA54032B43AC4000AA47FF /* showlove.app */;
			productType = "com.apple.product-type.application";
		};
/* End PBXNativeTarget section */

/* Begin PBXProject section */
		18FA53FB2B43AC4000AA47FF /* Project object */ = {
			isa = PBXProject;
			attributes = {
				BuildIndependentTargetsInParallel = 1;
				LastSwiftUpdateCheck = 1500;
				LastUpgradeCheck = 1500;
				TargetAttributes = {
					18FA54022B43AC4000AA47FF = {
						CreatedOnToolsVersion = 15.0;
					};
				};
			};
			buildConfigurationList = 18FA53FE2B43AC4000AA47FF /* Build configuration list for PBXProject "showlove" */;
			compatibilityVersion = "Xcode 14.0";
			developmentRegion = en;
			hasScannedForEncodings = 0;
			knownRegions = (
				en,
				Base,
			);
			mainGroup = 18FA53FA2B43AC4000AA47FF;
			productRefGroup = 18FA54042B43AC4000AA47FF /* Products */;
			projectDirPath = "";
			projectRoot = "";
			targets = (
				18FA54022B43AC4000AA47FF /* showlove */,
			);
		};
/* End PBXProject section */

/* Begin PBXResourcesBuildPhase section */
		18FA54012B43AC4000AA47FF /* Resources */ = {
			isa = PBXResourcesBuildPhase;
			buildActionMask = 2147483647;
			files = (
				189E8E582B46895600A91B3F /* v0300fg.m4a in Resources */,
				18FA540E2B43AC4100AA47FF /* Preview Assets.xcassets in Resources */,
				18FA540B2B43AC4100AA47FF /* Assets.xcassets in Resources */,
			);
			runOnlyForDeploymentPostprocessing = 0;
		};
/* End PBXResourcesBuildPhase section */

/* Begin PBXSourcesBuildPhase section */
		18FA53FF2B43AC4000AA47FF /* Sources */ = {
			isa = PBXSourcesBuildPhase;
			buildActionMask = 2147483647;
			files = (
				18FA541B2B43E44800AA47FF /* PixelHeartView.swift in Sources */,
				18FA54152B43ACD900AA47FF /* MyHeartView.swift in Sources */,
				18FA54092B43AC4000AA47FF /* ContentView.swift in Sources */,
				18FA54172B43B03000AA47FF /* LineHeartView.swift in Sources */,
				189E8E5A2B46C50F00A91B3F /* SimpleHeartView.swift in Sources */,
				18FA541D2B43E90500AA47FF /* RealHeartView.swift in Sources */,
				18FA54072B43AC4000AA47FF /* showloveApp.swift in Sources */,
			);
			runOnlyForDeploymentPostprocessing = 0;
		};
/* End PBXSourcesBuildPhase section */

/* Begin XCBuildConfiguration section */
		18FA540F2B43AC4100AA47FF /* Debug */ = {
			isa = XCBuildConfiguration;
			buildSettings = {
				ALWAYS_SEARCH_USER_PATHS = NO;
				ASSETCATALOG_COMPILER_GENERATE_SWIFT_ASSET_SYMBOL_EXTENSIONS = YES;
				CLANG_ANALYZER_NONNULL = YES;
				CLANG_ANALYZER_NUMBER_OBJECT_CONVERSION = YES_AGGRESSIVE;
				CLANG_CXX_LANGUAGE_STANDARD = "gnu++20";
				CLANG_ENABLE_MODULES = YES;
				CLANG_ENABLE_OBJC_ARC = YES;
				CLANG_ENABLE_OBJC_WEAK = YES;
				CLANG_WARN_BLOCK_CAPTURE_AUTORELEASING = YES;
				CLANG_WARN_BOOL_CONVERSION = YES;
				CLANG_WARN_COMMA = YES;
				CLANG_WARN_CONSTANT_CONVERSION = YES;
				CLANG_WARN_DEPRECATED_OBJC_IMPLEMENTATIONS = YES;
				CLANG_WARN_DIRECT_OBJC_ISA_USAGE = YES_ERROR;
				CLANG_WARN_DOCUMENTATION_COMMENTS = YES;
				CLANG_WARN_EMPTY_BODY = YES;
				CLANG_WARN_ENUM_CONVERSION = YES;
				CLANG_WARN_INFINITE_RECURSION = YES;
				CLANG_WARN_INT_CONVERSION = YES;
				CLANG_WARN_NON_LITERAL_NULL_CONVERSION = YES;
				CLANG_WARN_OBJC_IMPLICIT_RETAIN_SELF = YES;
				CLANG_WARN_OBJC_LITERAL_CONVERSION = YES;
				CLANG_WARN_OBJC_ROOT_CLASS = YES_ERROR;
				CLANG_WARN_QUOTED_INCLUDE_IN_FRAMEWORK_HEADER = YES;
				CLANG_WARN_RANGE_LOOP_ANALYSIS = YES;
				CLANG_WARN_STRICT_PROTOTYPES = YES;
				CLANG_WARN_SUSPICIOUS_MOVE = YES;
				CLANG_WARN_UNGUARDED_AVAILABILITY = YES_AGGRESSIVE;
				CLANG_WARN_UNREACHABLE_CODE = YES;
				CLANG_WARN__DUPLICATE_METHOD_MATCH = YES;
				COPY_PHASE_STRIP = NO;
				DEBUG_INFORMATION_FORMAT = dwarf;
				ENABLE_STRICT_OBJC_MSGSEND = YES;
				ENABLE_TESTABILITY = YES;
				ENABLE_USER_SCRIPT_SANDBOXING = YES;
				GCC_C_LANGUAGE_STANDARD = gnu17;
				GCC_DYNAMIC_NO_PIC = NO;
				GCC_NO_COMMON_BLOCKS = YES;
				GCC_OPTIMIZATION_LEVEL = 0;
				GCC_PREPROCESSOR_DEFINITIONS = (
					"DEBUG=1",
					"$(inherited)",
				);
				GCC_WARN_64_TO_32_BIT_CONVERSION = YES;
				GCC_WARN_ABOUT_RETURN_TYPE = YES_ERROR;
				GCC_WARN_UNDECLARED_SELECTOR = YES;
				GCC_WARN_UNINITIALIZED_AUTOS = YES_AGGRESSIVE;
				GCC_WARN_UNUSED_FUNCTION = YES;
				GCC_WARN_UNUSED_VARIABLE = YES;
				IPHONEOS_DEPLOYMENT_TARGET = 16.0;
				LOCALIZATION_PREFERS_STRING_CATALOGS = YES;
				MTL_ENABLE_DEBUG_INFO = INCLUDE_SOURCE;
				MTL_FAST_MATH = YES;
				ONLY_ACTIVE_ARCH = YES;
				SDKROOT = iphoneos;
				SWIFT_ACTIVE_COMPILATION_CONDITIONS = "DEBUG $(inherited)";
				SWIFT_OPTIMIZATION_LEVEL = "-Onone";
			};
			name = Debug;
		};
		18FA54102B43AC4100AA47FF /* Release */ = {
			isa = XCBuildConfiguration;
			buildSettings = {
				ALWAYS_SEARCH_USER_PATHS = NO;
				ASSETCATALOG_COMPILER_GENERATE_SWIFT_ASSET_SYMBOL_EXTENSIONS = YES;
				CLANG_ANALYZER_NONNULL = YES;
				CLANG_ANALYZER_NUMBER_OBJECT_CONVERSION = YES_AGGRESSIVE;
				CLANG_CXX_LANGUAGE_STANDARD = "gnu++20";
				CLANG_ENABLE_MODULES = YES;
				CLANG_ENABLE_OBJC_ARC = YES;
				CLANG_ENABLE_OBJC_WEAK = YES;
				CLANG_WARN_BLOCK_CAPTURE_AUTORELEASING = YES;
				CLANG_WARN_BOOL_CONVERSION = YES;
				CLANG_WARN_COMMA = YES;
				CLANG_WARN_CONSTANT_CONVERSION = YES;
				CLANG_WARN_DEPRECATED_OBJC_IMPLEMENTATIONS = YES;
				CLANG_WARN_DIRECT_OBJC_ISA_USAGE = YES_ERROR;
				CLANG_WARN_DOCUMENTATION_COMMENTS = YES;
				CLANG_WARN_EMPTY_BODY = YES;
				CLANG_WARN_ENUM_CONVERSION = YES;
				CLANG_WARN_INFINITE_RECURSION = YES;
				CLANG_WARN_INT_CONVERSION = YES;
				CLANG_WARN_NON_LITERAL_NULL_CONVERSION = YES;
				CLANG_WARN_OBJC_IMPLICIT_RETAIN_SELF = YES;
				CLANG_WARN_OBJC_LITERAL_CONVERSION = YES;
				CLANG_WARN_OBJC_ROOT_CLASS = YES_ERROR;
				CLANG_WARN_QUOTED_INCLUDE_IN_FRAMEWORK_HEADER = YES;
				CLANG_WARN_RANGE_LOOP_ANALYSIS = YES;
				CLANG_WARN_STRICT_PROTOTYPES = YES;
				CLANG_WARN_SUSPICIOUS_MOVE = YES;
				CLANG_WARN_UNGUARDED_AVAILABILITY = YES_AGGRESSIVE;
				CLANG_WARN_UNREACHABLE_CODE = YES;
				CLANG_WARN__DUPLICATE_METHOD_MATCH = YES;
				COPY_PHASE_STRIP = NO;
				DEBUG_INFORMATION_FORMAT = "dwarf-with-dsym";
				ENABLE_NS_ASSERTIONS = NO;
				ENABLE_STRICT_OBJC_MSGSEND = YES;
				ENABLE_USER_SCRIPT_SANDBOXING = YES;
				GCC_C_LANGUAGE_STANDARD = gnu17;
				GCC_NO_COMMON_BLOCKS = YES;
				GCC_WARN_64_TO_32_BIT_CONVERSION = YES;
				GCC_WARN_ABOUT_RETURN_TYPE = YES_ERROR;
				GCC_WARN_UNDECLARED_SELECTOR = YES;
				GCC_WARN_UNINITIALIZED_AUTOS = YES_AGGRESSIVE;
				GCC_WARN_UNUSED_FUNCTION = YES;
				GCC_WARN_UNUSED_VARIABLE = YES;
				IPHONEOS_DEPLOYMENT_TARGET = 16.0;
				LOCALIZATION_PREFERS_STRING_CATALOGS = YES;
				MTL_ENABLE_DEBUG_INFO = NO;
				MTL_FAST_MATH = YES;
				SDKROOT = iphoneos;
				SWIFT_COMPILATION_MODE = wholemodule;
				VALIDATE_PRODUCT = YES;
			};
			name = Release;
		};
		18FA54122B43AC4100AA47FF /* Debug */ = {
			isa = XCBuildConfiguration;
			buildSettings = {
				ASSETCATALOG_COMPILER_APPICON_NAME = AppIcon;
				ASSETCATALOG_COMPILER_GLOBAL_ACCENT_COLOR_NAME = AccentColor;
				CODE_SIGN_STYLE = Automatic;
				CURRENT_PROJECT_VERSION = 1;
				DEVELOPMENT_ASSET_PATHS = "\"showlove/Preview Content\"";
				DEVELOPMENT_TEAM = "";
				ENABLE_PREVIEWS = YES;
				GENERATE_INFOPLIST_FILE = YES;
				INFOPLIST_KEY_UIApplicationSceneManifest_Generation = YES;
				INFOPLIST_KEY_UIApplicationSupportsIndirectInputEvents = YES;
				INFOPLIST_KEY_UILaunchScreen_Generation = YES;
				INFOPLIST_KEY_UISupportedInterfaceOrientations = "UIInterfaceOrientationLandscapeLeft UIInterfaceOrientationLandscapeRight UIInterfaceOrientationPortrait";
				IPHONEOS_DEPLOYMENT_TARGET = 16.0;
				LD_RUNPATH_SEARCH_PATHS = (
					"$(inherited)",
					"@executable_path/Frameworks",
				);
				MARKETING_VERSION = 1.0;
				PRODUCT_BUNDLE_IDENTIFIER = com.xiwangnixihuan;
				PRODUCT_NAME = "$(TARGET_NAME)";
				SWIFT_EMIT_LOC_STRINGS = YES;
				SWIFT_VERSION = 5.0;
				TARGETED_DEVICE_FAMILY = "1,2";
			};
			name = Debug;
		};
		18FA54132B43AC4100AA47FF /* Release */ = {
			isa = XCBuildConfiguration;
			buildSettings = {
				ASSETCATALOG_COMPILER_APPICON_NAME = AppIcon;
				ASSETCATALOG_COMPILER_GLOBAL_ACCENT_COLOR_NAME = AccentColor;
				CODE_SIGN_STYLE = Automatic;
				CURRENT_PROJECT_VERSION = 1;
				DEVELOPMENT_ASSET_PATHS = "\"showlove/Preview Content\"";
				DEVELOPMENT_TEAM = "";
				ENABLE_PREVIEWS = YES;
				GENERATE_INFOPLIST_FILE = YES;
				INFOPLIST_KEY_UIApplicationSceneManifest_Generation = YES;
				INFOPLIST_KEY_UIApplicationSupportsIndirectInputEvents = YES;
				INFOPLIST_KEY_UILaunchScreen_Generation = YES;
				INFOPLIST_KEY_UISupportedInterfaceOrientations = "UIInterfaceOrientationLandscapeLeft UIInterfaceOrientationLandscapeRight UIInterfaceOrientationPortrait";
				IPHONEOS_DEPLOYMENT_TARGET = 16.0;
				LD_RUNPATH_SEARCH_PATHS = (
					"$(inherited)",
					"@executable_path/Frameworks",
				);
				MARKETING_VERSION = 1.0;
				PRODUCT_BUNDLE_IDENTIFIER = com.xiwangnixihuan;
				PRODUCT_NAME = "$(TARGET_NAME)";
				SWIFT_EMIT_LOC_STRINGS = YES;
				SWIFT_VERSION = 5.0;
				TARGETED_DEVICE_FAMILY = "1,2";
			};
			name = Release;
		};
/* End XCBuildConfiguration section */

/* Begin XCConfigurationList section */
		18FA53FE2B43AC4000AA47FF /* Build configuration list for PBXProject "showlove" */ = {
			isa = XCConfigurationList;
			buildConfigurations = (
				18FA540F2B43AC4100AA47FF /* Debug */,
				18FA54102B43AC4100AA47FF /* Release */,
			);
			defaultConfigurationIsVisible = 0;
			defaultConfigurationName = Release;
		};
		18FA54112B43AC4100AA47FF /* Build configuration list for PBXNativeTarget "showlove" */ = {
			isa = XCConfigurationList;
			buildConfigurations = (
				18FA54122B43AC4100AA47FF /* Debug */,
				18FA54132B43AC4100AA47FF /* Release */,
			);
			defaultConfigurationIsVisible = 0;
			defaultConfigurationName = Release;
		};
/* End XCConfigurationList section */
	};
	rootObject = 18FA53FB2B43AC4000AA47FF /* Project object */;
}
